# CONTRATO.lock — copia fijada del contrato del diagramador. NO se edita a mano:
# `node scripts/contrato/fijar.mjs` tras renovar la copia; `node scripts/contrato/verificar.mjs` la
# compara con reusables/diagramador/ de la planeadora; el gate `contrato-lock` la recalcula en cada test.
version: 0.3.0
3f3b03ea8bbf7d389c46eac707665ebde54e373b86fd3e8f31b8e90a06e8efa5  CHANGELOG.md
763bde26d46c8c4ff7293500be6048fdb8d51d2181c0b4555aa53244d2ced602  CONTRATO.md
b1367d65b02fcd7fc97f61aa2089e5cf393199a9a1649014d071ec32daafb815  README.md
d46accd7e79c8c088b7b46a55826f4e32ba080fac44441ae2719358dbd636732  REGISTRO-DE-FALLAS.md
f60fc4a8a804fc343e203dcaab7222255b83da615f7caf066be533c453f19ae8  carnadas/A1-cinco-bloques.mapa.json
b89592ea310553c2b8b6aa38c87dad2595f6a864230f0cdb6cac86989f0b6003  carnadas/A2-ocho-bloques.mapa.json
a5466d6d817158321467317cf6d1dc50859c29cc7e7a7c327d4f0a232bd39fda  carnadas/A3-cuatro-modos-en-un-par.mapa.json
62077f7435f4c8881eb2f03f7cdd2dec0bf4255609a410f2f481e553a85b17ae  carnadas/C01-gramatica-incompatible.mapa.json
81f61f63fe3acd5c24d7c87bf101d662969c2712570bf1ce2fec86c65d02a486  carnadas/C02-tipo-inexistente.mapa.json
ba0c493f05c40752f346c1dad9965110da7e37a90d028441055e230ee657383b  carnadas/C03-capa-inventada.mapa.json
390503c9e06a4c1083d9968c5b7f7a4f229ec4f5e6b3513cfcb8ca63ef425b7e  carnadas/C04-nodo-sin-fuente.mapa.json
20049f28c99f687b6af681eb6cb477c2a610a9dc257bdf40004498305b8e0fb4  carnadas/C05-nodo-sin-registro-lider.mapa.json
59726c8640a0d79f602684c7907fd2b9cdb9cad2f87cdc9521439e01bca41b6d  carnadas/C06-flujo-a-nodo-inexistente.mapa.json
169ab0a8699e0836997bcf8f2143675a557973fee012610dfa9e5b2386894db0  carnadas/C07-recorrido-no-llega-al-consumo.mapa.json
6896bf6e756dd37aec3b7251c1ee63475fb0e7cb371ee611b3c9d31c2a8f02a7  carnadas/C08-paso-sin-flujo.mapa.json
aa545339c0119f0997a64ace133534e1cfb7766ca20274bf4e391e8664c5f6ce  carnadas/C09-id-duplicado.mapa.json
6e2701b2b4db43149ba9221d4aed01197d9096201432538063c3d21d26629bd7  carnadas/C10-once-bloques.mapa.json
c9468a7374314bec7ae2a2d4fda17e223ed0a4b93a9eec1f528db680503f6c2c  carnadas/C11-propuesta-en-publicacion.mapa.json
a26a5e1f1e19551a7eda109892a07da375991d6669c48b223514ae7b5bddd97e  carnadas/C12-termino-sin-explicar.mapa.json
4eb8cceab3057f567921887037aaa9be1d7f17ea66cf35965d2801217c57c266  carnadas/C13-lider-demasiado-largo.mapa.json
a5d9268cd251d40d7219f0bd205326ca2c02595b48d9084aaeeeaabaf416a78a  carnadas/C14-fuente-sin-https.mapa.json
8cb1061d5e12ae3d4ce9e8b83aaa24cbd327aac817efb4a8db2eb738bb6ce4f6  carnadas/C15-bloque-en-otra-banda.mapa.json
9b41f08803b0b6caebe2636cabd8fa4894d564758c019619b975799040cef0a6  carnadas/C16-recorrido-empieza-fuera.mapa.json
4589b64109e43aa818d2411e38c149b45b59e864d532face1a6726099bae2d50  carnadas/C17-bifurcacion-sin-tipo.mapa.json
260275dd7e0923433b0709175ed5e3036c69a9fd4395973994ffc96e4bff5d7b  carnadas/C18-siete-nodos-en-una-banda.mapa.json
3c8b290cc0e64391b809763b94fae359f52778dfe856a196508fafb685ad54fb  carnadas/C19-caracter-fuera-de-la-fuente.mapa.json
4a69ef97c0b9c6b15f9383f0fa54538a54e2ec91709ef1048c3ac99ff1cd16f7  carnadas/C20-condicional-sin-condicion.mapa.json
e850cb420664a99e6dabd0e05b552fd4330c429153b546581522f2008c75c214  carnadas/C21-texto-sin-un-idioma.mapa.json
4b83875d902b112905c4133dfe97610de3539f0f185883096350a9117af2436f  carnadas/GC1-orden-repetido.gramatica.json
3a871f97f6f4b922e4888d813c42517a8636be642336633a360f6d10470daa3b  carnadas/GC2-umbrales-invertidos.gramatica.json
6e4998c396e4ba0edc9a1f6722891f8464d6d438f06dd197fb222cee313dd076  carnadas/GC3-capas-y-carriles.gramatica.json
a1016ed4789d6ac87a521439d306a69c5b5d8e7030198e4f8703ca739db3da13  carnadas/GC4-recorrido-a-banda-inexistente.gramatica.json
defe0af5728b99bc4829dd05f3ebe8988867aad0fa2412e3b61a94a1fbb4edd6  carnadas/GC5-idioma-base-no-declarado.gramatica.json
53f3b51d3569f33afd86e8793fabd81c876f53031ed45926bab5b39413846e85  carnadas/esperado.json
eb461dd2fa12cab7bbbe1325f99f82d2bc3b221a00eae96ecbfd22009a1cf5cb  ejemplos/agente-ejemplo.mapa.json
c56d8c358d8cd690d75b42a9c4d240203a103abb9bef1a220ac57454d005ae05  ejemplos/plataforma-ejemplo.mapa.json
5355ec2b3cd0668121ea4dd3e309501d77160269ce841b915a70d1cba008b963  ejemplos/prueba-agentes-ia.mapa.json
92cfc8c962fbabeeb17fe081e5005f7268283752bfb4cd91afc0dd90429612b7  ejemplos/prueba-arquitectura-app.mapa.json
12bf1e6e4e4e039cef26ab7962dda0dd6dc0111de40b33f8056bcf502046c054  ejemplos/prueba-nubes.mapa.json
8b4d98fc1de0d13918fec10688e8afc43d6c629f507198368442b02fd9e7c7de  ejemplos/prueba-procesos.mapa.json
b99d68eee1d38f197d11846e709888bdb62b0799371971b167a89ce6d63db9e2  esquema/gramatica.schema.json
d64ec0864d49e7d38259ac86fdcd3f267f8f3e42ba175592f058fdf2297746c9  esquema/mapa.schema.json
bd9c73b36eb1a513dc70ff37adb8ab94b4c9cfd8c2bf81e6d99ba60b90002014  gramaticas/agentes-ia.json
179ea5288e0e12a125725fe1992a6b8d334ac0de1df6d12fa25e6f9e4d6fdaf4  gramaticas/plataformas-datos.json
3761554ca37ec3ff2714dd823706dd37016a2705c79dde8104911ad5725fb902  gramaticas/prueba-agentes-ia.json
9b16f36daf44328e9ed33fdbd91d502c3fa6a2622fd5b596a228a29d28038fac  gramaticas/prueba-arquitectura-app.json
28ff8e2e394a330b0528483a58e49cd3622bc667f8ec0a79e170769204f578e3  gramaticas/prueba-nubes.json
0b8ded18a2fb263edf76fe1110ff8612e85236480dd2e681a9a953c55c05de8b  gramaticas/prueba-procesos.json
b2fe5e8987594e9ffd1d2ca52a2f5d73eb8335243893c5d6254b5ad69269591d  metricas/OFL-jetbrains-mono.txt
564ce565c371c5e5bbf286006565a7c9aa55a9f56e7ca58d56e05d649dd61a72  metricas/OFL-space-grotesk.txt
93a7c2571bc92d81e3988467d0f84d8352167c7b05083706de0e1c27711aed2b  metricas/cobertura.json
1fac9f73b2ffd1a23dc7f7340aa7e0325fc3f0b6c30d6cd9fb2683ca140adb93  metricas/jetbrains-mono.woff2
d00dac032b7c843a08fbe9c0fe2930081652fa77a8dbdbe6866e243efa2a5a87  metricas/metricas.json
fa5a9a0d4b5f38b66e154d7fcb6afd6093ebc3dd9582d37aa798caa9b71c62b1  metricas/space-grotesk.woff2
