# CONTRATO.lock — copia fijada del contrato del diagramador. NO se edita a mano:
# `node scripts/contrato/fijar.mjs` tras renovar la copia; `node scripts/contrato/verificar.mjs` la
# compara con reusables/diagramador/ de la planeadora; el gate `contrato-lock` la recalcula en cada test.
version: 0.4.0
4332d8cf8fb3e228e635a9bc71fdd6f371945cbaf3859ee039e21fcb1f70ea22  CHANGELOG.md
9b28d9ffe53d3f06766c31cb96849e434c3fe0ba8e64ac38c7c464699443f1fd  CONTRATO.md
59c12ede38ef87aed70658c9b38445b0a3745ce759389c446d9f4be59f44a314  README.md
8110833e33db31e08e91f3f6d2ad7a83a58fbd763028bde334412f584430eb8b  REGISTRO-DE-FALLAS.md
b485c053b2a76cf9c96aba955f1db316166e25a0d603ab1c501ec441bdf76805  carnadas/A1-cinco-bloques.mapa.json
046bf56aee0ea090d5573807c4b0b0fd1dd51e999881aa918a683aee96720ab5  carnadas/A2-ocho-bloques.mapa.json
906068550ec35a001d21796270afdaa4ae3508c6185ce0fdb4a0ba7096ae4634  carnadas/A3-cuatro-modos-en-un-par.mapa.json
89a73f8c0f0e813b05d23ad4c10a7be3d2977444d6285f72825806f50cea2c97  carnadas/C01-gramatica-incompatible.mapa.json
4c0149edf68a10cf57ee0637f8ae57c37c69013e61c9adc73e52daab8d3556ee  carnadas/C02-tipo-inexistente.mapa.json
f05fac82adc8425c68d67ae83bbdb293a38808562827406cdc70f7f7fd0d3bd0  carnadas/C03-capa-inventada.mapa.json
fffd635d146e5d289d60ec00d9dbbc9a8f3dbeb930e364f1dc2ed9cf72683d39  carnadas/C04-nodo-sin-fuente.mapa.json
1969774dd01d7c6ae7387393dab864f7340eb65653b13f0a8dd11777ec39cb3d  carnadas/C05-nodo-sin-registro-lider.mapa.json
dd3c3cbd12a96c412901aff388e9970132453e4f1bbe36a1278f01d8ee17ab6c  carnadas/C06-flujo-a-nodo-inexistente.mapa.json
dbf8902634965af830cad0710dbc53372ff27f622fa35f53ae95a693c9916aee  carnadas/C07-recorrido-no-llega-al-consumo.mapa.json
90d3216adb83bbc8402bf9e11ad4434ec73b84dfe5190545d61073fa2d05c041  carnadas/C08-paso-sin-flujo.mapa.json
679cfc14eae9452c97066a2ff6df743b5f001029dd96b30a1d7cc15068521825  carnadas/C09-id-duplicado.mapa.json
a16d7c221ba3b5d2869b298f6ba52f1bd706728ce1e07a83ed7d65549246e0da  carnadas/C10-once-bloques.mapa.json
4774ef3cd998d6c0719c2cf737f899b8c187fe5857e186db30e4bf554a4b0e81  carnadas/C11-propuesta-en-publicacion.mapa.json
190f82c381158af63f7ef3caccc62dd1ee6b7e84fbcf0f0907c1d87e20cccce5  carnadas/C12-termino-sin-explicar.mapa.json
338d4816aa1b115d09a001fd8c3f1cd72359a25a8c5102adccad46317608e234  carnadas/C13-lider-demasiado-largo.mapa.json
2320e972aa3c21160aaee689cf5ff85d081cd2d673a879eb4d61d6abce6ddd1c  carnadas/C14-fuente-sin-https.mapa.json
08cb8d40ed3290c61581caf620a2c667f11f13979f3201c21f5f4ef738eb5c86  carnadas/C15-bloque-en-otra-banda.mapa.json
9e1b0fbffdb10d306a831a499ef16344df72ab83cf637bf0b074f14eb7dc85d4  carnadas/C16-recorrido-empieza-fuera.mapa.json
62af1632113d9839e0ea352d8aa19d5909f706abe1bcc7e67a1032d165c64ddc  carnadas/C17-bifurcacion-sin-tipo.mapa.json
32148d3c7238380f73e3a91869838a0976e0e381a9d5aa54e2cdd527a0367a69  carnadas/C18-siete-nodos-en-una-banda.mapa.json
a247de7ead9b0e99901bd01ef7ab736dae7cba0daa5e46e500abdf36477f8063  carnadas/C19-caracter-fuera-de-la-fuente.mapa.json
aa51e5d3c19fc3989af6607a0a356d635083caf16b4bcb8b1e7592c370f0aa59  carnadas/C20-condicional-sin-condicion.mapa.json
251f962fbc565bd95de604c2b44d06df52b3e9bfe3384f4219385787a638a3e5  carnadas/C21-texto-sin-un-idioma.mapa.json
76d50fbf54b650c38eb9eca743f5ab1ed937dceba38a3c21311c3306297706b3  carnadas/GC1-orden-repetido.gramatica.json
3fc8411273c35bf68db90cea4ba635dd6cb6248392545f4d75bd1c2aa15c1240  carnadas/GC2-umbrales-invertidos.gramatica.json
33aace9d782a6fe449a2878f695cc1ca619e98e28cb9fece5dd8bc248f3e3e59  carnadas/GC3-capas-y-carriles.gramatica.json
fda8602f9852dcea8729659095ce457c3219b1a4e2e3189739d962eaee5f2b8d  carnadas/GC4-recorrido-a-banda-inexistente.gramatica.json
5bcc72add65adc895112d8d32a2bd595b8806e9050e4f06bf77ebcf1e1d2037a  carnadas/GC5-idioma-base-no-declarado.gramatica.json
8e9d27121b5ea72fb9595f07fc78265b49de2f3344767d8695f827607b27cf1a  carnadas/P1-mapa-denso.mapa.json
78dd479786dd84512d95b82b0f4278e43b34c63a217abac1740ad07927e3a90b  carnadas/P2-paso-que-se-sigue.mapa.json
91ea3f755cc219c4f147c23c9b47fd631df5bfb0a359801d6c597ef923777b00  carnadas/P3-paso-que-sigue-a-uno-posterior.mapa.json
e72391331e2218af1244c83ba210afc8609c8e614d566f893fa6067980a3f7ac  carnadas/esperado.json
71385993fe61e52153018efe935180d9e4639d18a0f89d87aa9c9c1fee05d0e1  ejemplos/agente-ejemplo.mapa.json
851e34d96fdb0d1735551fb49eecb1137f2b541b982fe76e78cf3cdefa4939b6  ejemplos/plataforma-ejemplo.mapa.json
9e6359ce75383b479c446fc83ed8c7f73e4910f30ef4e680fb844dffd66ab39c  ejemplos/prueba-agentes-ia.mapa.json
7a064f4c02f76b68283401bb87b7acdd9c54dce5a679e282141efdecfef25aa3  ejemplos/prueba-arquitectura-app.mapa.json
2f7b754a2631e4573c0f4c8361b59c8e105723ebb8f6dc10ecef7a1259bef9be  ejemplos/prueba-nubes.mapa.json
6a04f5de9d1f66701a28de5cab5575a3568cb8d596e07ac24ec87828efefbda5  ejemplos/prueba-procesos.mapa.json
47817d159bc91957dfd04c4073ab6b997b4560c0f1d85839468f8bd1227532a6  esquema/gramatica.schema.json
8a58511aecb7458e964b0aa2e32257c5d377dac4ef3a72b22f72e682336f3ce9  esquema/mapa.schema.json
67698d55f248f2f7c12c7462d71c92438afb55ea8b0b34f70d2fb0f12ceacb9c  gramaticas/agentes-ia.json
e284fe59fc229eec9d6854be074b7803f67a9191785785b423058fdf98f1c242  gramaticas/plataformas-datos.json
c60acd44b56d4278657385273c2d8927dcb9b3f28a8f779c1e7b1b79bbc64c5d  gramaticas/prueba-agentes-ia.json
6414ef1cd4856d29e8fa5cec4fda46f90ab065bfe757b508ea08bb602887d489  gramaticas/prueba-arquitectura-app.json
90872dab4bd7b4ee22d90b5ed781b1c473f4789b19ec799d987db816890b2862  gramaticas/prueba-nubes.json
2f9061ee81d7ef6aa286e71a70b8eee462939f13ee7d725304c59ff328974667  gramaticas/prueba-procesos.json
b2fe5e8987594e9ffd1d2ca52a2f5d73eb8335243893c5d6254b5ad69269591d  metricas/OFL-jetbrains-mono.txt
564ce565c371c5e5bbf286006565a7c9aa55a9f56e7ca58d56e05d649dd61a72  metricas/OFL-space-grotesk.txt
93a7c2571bc92d81e3988467d0f84d8352167c7b05083706de0e1c27711aed2b  metricas/cobertura.json
1fac9f73b2ffd1a23dc7f7340aa7e0325fc3f0b6c30d6cd9fb2683ca140adb93  metricas/jetbrains-mono.woff2
d00dac032b7c843a08fbe9c0fe2930081652fa77a8dbdbe6866e243efa2a5a87  metricas/metricas.json
fa5a9a0d4b5f38b66e154d7fcb6afd6093ebc3dd9582d37aa798caa9b71c62b1  metricas/space-grotesk.woff2
