# CONTRATO.lock — copia fijada del contrato del diagramador. NO se edita a mano:
# `node scripts/contrato/fijar.mjs --origen <sha> --copiar` al renovar la copia; `node scripts/contrato/verificar.mjs`
# la compara con reusables/diagramador/ de la planeadora EN ese commit; el gate `contrato-lock` la recalcula en cada test.
version: 0.6.0
origen: c8d395766dbc824d722d7eee4f567cfafac8f64b
20f2b241bfe836bb177ec57199c8207571d697564d9bf051b63e735bd46a2ae4  CHANGELOG.md
39f7b54b0afc64b0f99f00ab3b74cca955aa0523643bec49f37a054e92ed50a9  CONTRATO.md
6f78767c159bd3d5b0171ece8db2f26f3b3a4f78bace370b09bdb9aa1560e81e  README.md
b3a00680f205be83ac6e62133e26b95fd9774444b5d28d6c8f59f1dfb60234a0  REGISTRO-DE-FALLAS.md
bd7eadc8e4280331e065a7d4c9588348697cf6b889dea06cd0476f84b376befe  carnadas/A1-cinco-bloques.mapa.json
cafbab558d00897b3f1f63426870c8dff0b03b166665940dc41c5e717a92d6af  carnadas/A2-ocho-bloques.mapa.json
c05497bf0b6762838185780fa74b9bf9465844c7f02a81fbd43edbba4e21c2b8  carnadas/A3-cuatro-modos-en-un-par.mapa.json
461a02017ec589f4b24b7ee2e87cbba200450c783098624b43a02f62ece3de89  carnadas/C01-gramatica-incompatible.mapa.json
2927ea96743cc1cd7f8c90453eb7b941621469898a88370f80a734bc5d28ef0e  carnadas/C02-tipo-inexistente.mapa.json
55a67bae5bcc485c6d053d4d36bee13a078e9bdae5a04cd0820621c33b5cef34  carnadas/C03-capa-inventada.mapa.json
99b2ca49f219d1b9904e6d8052c2bd374b67c9130c8934a0dcc11a7e91aa187e  carnadas/C04-nodo-sin-fuente.mapa.json
ad4db5a47b017a84aa52fba39a4845a727aa436a1e29c1596a43ba6f90f58074  carnadas/C05-nodo-sin-registro-lider.mapa.json
d6632f15fed26c6effc858e97ed5a787da13866e6dbbc92acb35a084c41ce5fe  carnadas/C06-flujo-a-nodo-inexistente.mapa.json
b7d072a9229c9a96f923810797f099f742dfb3e8600a3eeedd985e7cac0f31d1  carnadas/C07-recorrido-no-llega-al-consumo.mapa.json
2b26a28148ba3dbb0b4a20b235836ffe282ae5151a77487b8da55de43ea8c2ad  carnadas/C08-paso-sin-flujo.mapa.json
6d71c49fa96339d3ceacd318bbed22c7b72fe004818d29ee10c740b1183c8d51  carnadas/C09-id-duplicado.mapa.json
7d86a0003cf478687017cf9aa7d3eb5f0ac50b40f2673a18c9fd9a30ea2557b8  carnadas/C10-once-bloques.mapa.json
a8dc5adc610f20fd481b5e4cf369ec4e16b87e55742d387e91e5e6d47fb338bc  carnadas/C11-propuesta-en-publicacion.mapa.json
8dc3d72098564c3e4f0d965d2a1e4497e21b3ffbbc1701d63aaf62b3bf95a7e7  carnadas/C12-termino-sin-explicar.mapa.json
37b924ffe9a98b8a72fbea642f0e751c8bee199b2fb9931b0232f39a6fd7c201  carnadas/C13-lider-demasiado-largo.mapa.json
cd212b16a61349d67cebf5a3e6774cb274c449615a004137903555755f7edb9a  carnadas/C14-fuente-sin-https.mapa.json
63419901e3cd1ae984766a98b2f8260e501cd4b132fed1bd8190ee90862cf199  carnadas/C15-bloque-en-otra-banda.mapa.json
6fb92e62fd94c7e0c27f8d26021619835e88742bbad3096b027bf6aa9daf54ff  carnadas/C16-recorrido-empieza-fuera.mapa.json
17826a4e7ef04053228f481525a87c6455f15e5834a01b0fb210a043c8e1cf18  carnadas/C17-bifurcacion-sin-tipo.mapa.json
8b205d7f543e7a9a2ad0e11e009e6921968ed90e12d922ebe6180f28ec689d15  carnadas/C18-siete-nodos-en-una-banda.mapa.json
2ae4af244a38c1dc869de0f2d45c7d9d3bd803c1c632753c782576996ff1b651  carnadas/C19-caracter-fuera-de-la-fuente.mapa.json
458b664c522373f14340f49818a77c22e61a260a7fec9069f5580aae440c17ee  carnadas/C20-condicional-sin-condicion.mapa.json
17d9ec11301745a62206a5f86dc8c37eb846223595329c83494add5193e0d9bf  carnadas/C21-texto-sin-un-idioma.mapa.json
62e49d4f8804e88d3448b5c2920414c218f573664eb13f21e3031fb2c6e5e374  carnadas/GC1-orden-repetido.gramatica.json
76969f1f92c26f05211a9b6fbeaed5c75cbb825be0d59316749c23b4f9de4fff  carnadas/GC2-umbrales-invertidos.gramatica.json
6dbd2e163a7dc5a621f7091636b3e0eb59407724f8d364d6ad440fe475673dfd  carnadas/GC3-capas-y-carriles.gramatica.json
b3ee6f637564cf35283cf1088a7a8053abef47131cd7cbbab6ae6aad4ae91954  carnadas/GC4-recorrido-a-banda-inexistente.gramatica.json
8ad8da2fdc22c610d6726780a9357dffc24c0f94f76ff276a204fa59b118df11  carnadas/GC5-idioma-base-no-declarado.gramatica.json
f7e1157fae507691ca2be406360a47dd578c5d3c44857c7d3781877f04f0f92d  carnadas/P1-mapa-denso.mapa.json
26719b92d89a4b1c1eb5d037a80cc878c7298cb81ecfc8dfa6aebb1e6082bc5f  carnadas/P2-paso-que-se-sigue.mapa.json
f527022bb8a6fd9500d0703641c1f02ac931d0ff94475bc43a555830808aee44  carnadas/P3-paso-que-sigue-a-uno-posterior.mapa.json
08dbcbc43570e08dd8448beb70866d90df3b63c22b2ca8c9e3a09be12b2726b2  carnadas/esperado.json
998419f3e936d4414d16173a551fbb3b266d637d100914293f36873b25f4a368  ejemplos/agente-ejemplo.mapa.json
8e36632d38b46b25204723fe497634c1efe973e71e780459f43ff63e025decce  ejemplos/plataforma-ejemplo.mapa.json
fec70123037ac54de15066cfbde3a483aeb74c7818ce0409cc74294197975fec  ejemplos/prueba-agentes-ia.mapa.json
6dcb56a4dfe2936adf8e802a704272f2ad5f195db24470f1d3c25197439bc402  ejemplos/prueba-arquitectura-app.mapa.json
810aa2c0c88e820674a2c623558d1eb4b6730c5f8d1e30c597115b3033aaa75b  ejemplos/prueba-nubes.mapa.json
439b72aa5641db590a9e6eaf2bc239a35fe875ea23d88f17e030256edada0959  ejemplos/prueba-procesos.mapa.json
c3cc375f775fcb9affcbc4b40cac64ff8cde572119d40cc06b3281cd4e3a96c3  esquema/gramatica.schema.json
6dcbf530df2027dffc6fd3bdb9118b5631822ced31ebf496d4b0c1a2d61470b3  esquema/mapa.schema.json
f2455a0036bcf546c769b5c060476109827391f92bbb8f4963e8a98eadf847db  gramaticas/agentes-ia.json
e49a5ecc3725280b330342fb945bd069a706dc6119f577a39163d55c1443631f  gramaticas/plataformas-datos.json
6cbfcf0e58986ee88907ecba806edf1109ee5b00e277ac2b96fa56db7c0daf68  gramaticas/prueba-agentes-ia.json
2706ff6dc7d40e81be1ca9d8e73825eb097bcf7a952093538cfcd21460f37a37  gramaticas/prueba-arquitectura-app.json
5f6956544226fa45f3b6d60a7cd8d504399e8d0a8352b6a5f36c036853bcd38e  gramaticas/prueba-nubes.json
393edff7d29d4c4331926a280e7a3bcb0bd077b1e06603bc482be39516061f1b  gramaticas/prueba-procesos.json
b2fe5e8987594e9ffd1d2ca52a2f5d73eb8335243893c5d6254b5ad69269591d  metricas/OFL-jetbrains-mono.txt
564ce565c371c5e5bbf286006565a7c9aa55a9f56e7ca58d56e05d649dd61a72  metricas/OFL-space-grotesk.txt
93a7c2571bc92d81e3988467d0f84d8352167c7b05083706de0e1c27711aed2b  metricas/cobertura.json
1fac9f73b2ffd1a23dc7f7340aa7e0325fc3f0b6c30d6cd9fb2683ca140adb93  metricas/jetbrains-mono.woff2
d00dac032b7c843a08fbe9c0fe2930081652fa77a8dbdbe6866e243efa2a5a87  metricas/metricas.json
fa5a9a0d4b5f38b66e154d7fcb6afd6093ebc3dd9582d37aa798caa9b71c62b1  metricas/space-grotesk.woff2
